
Microsoft Visual Studio Solution File, Format Version 12.00
# Visual Studio Version 17
VisualStudioVersion = 17.9.34526.213
MinimumVisualStudioVersion = 10.0.40219.1
Project("{9A19103F-16F7-4668-BE54-9A1E7A4F7556}") = "MigrateBlog", "MigrateBlog\MigrateBlog.csproj", "{A93416DF-71DC-4B91-A8F5-152BF9A68819}"
EndProject
Global
	GlobalSection(SolutionConfigurationPlatforms) = preSolution
		Debug|Any CPU = Debug|Any CPU
		Debug|x86 = Debug|x86
		Release|Any CPU = Release|Any CPU
		Release|x86 = Release|x86
	EndGlobalSection
	GlobalSection(ProjectConfigurationPlatforms) = postSolution
		{A93416DF-71DC-4B91-A8F5-152BF9A68819}.Debug|Any CPU.ActiveCfg = Debug|Any CPU
		{A93416DF-71DC-4B91-A8F5-152BF9A68819}.Debug|Any CPU.Build.0 = Debug|Any CPU
		{A93416DF-71DC-4B91-A8F5-152BF9A68819}.Debug|x86.ActiveCfg = Debug|Any CPU
		{A93416DF-71DC-4B91-A8F5-152BF9A68819}.Debug|x86.Build.0 = Debug|Any CPU
		{A93416DF-71DC-4B91-A8F5-152BF9A68819}.Release|Any CPU.ActiveCfg = Release|Any CPU
		{A93416DF-71DC-4B91-A8F5-152BF9A68819}.Release|Any CPU.Build.0 = Release|Any CPU
		{A93416DF-71DC-4B91-A8F5-152BF9A68819}.Release|x86.ActiveCfg = Release|Any CPU
		{A93416DF-71DC-4B91-A8F5-152BF9A68819}.Release|x86.Build.0 = Release|Any CPU
	EndGlobalSection
	GlobalSection(SolutionProperties) = preSolution
		HideSolutionNode = FALSE
	EndGlobalSection
	GlobalSection(ExtensibilityGlobals) = postSolution
		SolutionGuid = {74402414-0FBE-475B-9094-3994D985CCDC}
	EndGlobalSection
EndGlobal
